
Microsoft Visual Studio Solution File, Format Version 12.00
# Visual Studio 14
VisualStudioVersion = 14.0.25420.1
MinimumVisualStudioVersion = 10.0.40219.1
Project("{FAE04EC0-301F-11D3-BF4B-00C04F79EFBC}") = "DBSchemaComparator.App", "DBSchemaComparator.App\DBSchemaComparator.App.csproj", "{0436F3B5-3733-4D20-8C1A-2C798F6365F8}"
EndProject
Project("{FAE04EC0-301F-11D3-BF4B-00C04F79EFBC}") = "DBSchemaComparator.Domain", "..\DBSchemaComparator.Domain\DBSchemaComparator.Domain.csproj", "{783F4A61-65ED-4CD2-9205-D556CF573730}"
EndProject
Global
	GlobalSection(SolutionConfigurationPlatforms) = preSolution
		Debug|Any CPU = Debug|Any CPU
		Release|Any CPU = Release|Any CPU
	EndGlobalSection
	GlobalSection(ProjectConfigurationPlatforms) = postSolution
		{0436F3B5-3733-4D20-8C1A-2C798F6365F8}.Debug|Any CPU.ActiveCfg = Debug|Any CPU
		{0436F3B5-3733-4D20-8C1A-2C798F6365F8}.Debug|Any CPU.Build.0 = Debug|Any CPU
		{0436F3B5-3733-4D20-8C1A-2C798F6365F8}.Release|Any CPU.ActiveCfg = Release|Any CPU
		{0436F3B5-3733-4D20-8C1A-2C798F6365F8}.Release|Any CPU.Build.0 = Release|Any CPU
		{783F4A61-65ED-4CD2-9205-D556CF573730}.Debug|Any CPU.ActiveCfg = Debug|Any CPU
		{783F4A61-65ED-4CD2-9205-D556CF573730}.Debug|Any CPU.Build.0 = Debug|Any CPU
		{783F4A61-65ED-4CD2-9205-D556CF573730}.Release|Any CPU.ActiveCfg = Release|Any CPU
		{783F4A61-65ED-4CD2-9205-D556CF573730}.Release|Any CPU.Build.0 = Release|Any CPU
	EndGlobalSection
	GlobalSection(SolutionProperties) = preSolution
		HideSolutionNode = FALSE
	EndGlobalSection
EndGlobal
